
Microsoft Visual Studio Solution File, Format Version 12.00
# Visual Studio Version 17
VisualStudioVersion = 17.8.34330.188
MinimumVisualStudioVersion = 10.0.40219.1
Project("{FAE04EC0-301F-11D3-BF4B-00C04F79EFBC}") = "TypeConversion", "TypeConversion\TypeConversion.csproj", "{081BCC42-0C7A-47DC-8E52-71D5BA2CB8F0}"
EndProject
Global
	GlobalSection(SolutionConfigurationPlatforms) = preSolution
		Debug|Any CPU = Debug|Any CPU
		Release|Any CPU = Release|Any CPU
	EndGlobalSection
	GlobalSection(ProjectConfigurationPlatforms) = postSolution
		{081BCC42-0C7A-47DC-8E52-71D5BA2CB8F0}.Debug|Any CPU.ActiveCfg = Debug|Any CPU
		{081BCC42-0C7A-47DC-8E52-71D5BA2CB8F0}.Debug|Any CPU.Build.0 = Debug|Any CPU
		{081BCC42-0C7A-47DC-8E52-71D5BA2CB8F0}.Release|Any CPU.ActiveCfg = Release|Any CPU
		{081BCC42-0C7A-47DC-8E52-71D5BA2CB8F0}.Release|Any CPU.Build.0 = Release|Any CPU
	EndGlobalSection
	GlobalSection(SolutionProperties) = preSolution
		HideSolutionNode = FALSE
	EndGlobalSection
	GlobalSection(ExtensibilityGlobals) = postSolution
		SolutionGuid = {234AAE90-1F2A-4EB0-AAB5-3AA246984D40}
	EndGlobalSection
EndGlobal
