
Microsoft Visual Studio Solution File, Format Version 12.00
# Visual Studio Version 17
VisualStudioVersion = 17.8.34330.188
MinimumVisualStudioVersion = 10.0.40219.1
Project("{FAE04EC0-301F-11D3-BF4B-00C04F79EFBC}") = "CodewMoshExercise4", "CodewMoshExercise4.csproj", "{B8605171-FB2E-4BA8-B05D-C7B3F5EEFE31}"
EndProject
Global
	GlobalSection(SolutionConfigurationPlatforms) = preSolution
		Debug|Any CPU = Debug|Any CPU
		Release|Any CPU = Release|Any CPU
	EndGlobalSection
	GlobalSection(ProjectConfigurationPlatforms) = postSolution
		{B8605171-FB2E-4BA8-B05D-C7B3F5EEFE31}.Debug|Any CPU.ActiveCfg = Debug|Any CPU
		{B8605171-FB2E-4BA8-B05D-C7B3F5EEFE31}.Debug|Any CPU.Build.0 = Debug|Any CPU
		{B8605171-FB2E-4BA8-B05D-C7B3F5EEFE31}.Release|Any CPU.ActiveCfg = Release|Any CPU
		{B8605171-FB2E-4BA8-B05D-C7B3F5EEFE31}.Release|Any CPU.Build.0 = Release|Any CPU
	EndGlobalSection
	GlobalSection(SolutionProperties) = preSolution
		HideSolutionNode = FALSE
	EndGlobalSection
	GlobalSection(ExtensibilityGlobals) = postSolution
		SolutionGuid = {68850067-71E4-4D48-84A9-8C3175B38ECE}
	EndGlobalSection
EndGlobal
