
Microsoft Visual Studio Solution File, Format Version 12.00
# Visual Studio Version 17
VisualStudioVersion = 17.8.34330.188
MinimumVisualStudioVersion = 10.0.40219.1
Project("{FAE04EC0-301F-11D3-BF4B-00C04F79EFBC}") = "CodewMosh Excercise", "CodewMosh Excercise.csproj", "{B429109C-23B3-439A-9CE4-A0166E2D6591}"
EndProject
Global
	GlobalSection(SolutionConfigurationPlatforms) = preSolution
		Debug|Any CPU = Debug|Any CPU
		Release|Any CPU = Release|Any CPU
	EndGlobalSection
	GlobalSection(ProjectConfigurationPlatforms) = postSolution
		{B429109C-23B3-439A-9CE4-A0166E2D6591}.Debug|Any CPU.ActiveCfg = Debug|Any CPU
		{B429109C-23B3-439A-9CE4-A0166E2D6591}.Debug|Any CPU.Build.0 = Debug|Any CPU
		{B429109C-23B3-439A-9CE4-A0166E2D6591}.Release|Any CPU.ActiveCfg = Release|Any CPU
		{B429109C-23B3-439A-9CE4-A0166E2D6591}.Release|Any CPU.Build.0 = Release|Any CPU
	EndGlobalSection
	GlobalSection(SolutionProperties) = preSolution
		HideSolutionNode = FALSE
	EndGlobalSection
	GlobalSection(ExtensibilityGlobals) = postSolution
		SolutionGuid = {3E37AB89-ECE6-4F5F-A41D-F0063FA1967C}
	EndGlobalSection
EndGlobal
