
Microsoft Visual Studio Solution File, Format Version 12.00
# Visual Studio Version 17
VisualStudioVersion = 17.8.34330.188
MinimumVisualStudioVersion = 10.0.40219.1
Project("{9A19103F-16F7-4668-BE54-9A1E7A4F7556}") = "To-Do list app", "To-Do list app.csproj", "{07BFD85D-B0AE-4AF5-A59B-22C8F5104D74}"
EndProject
Global
	GlobalSection(SolutionConfigurationPlatforms) = preSolution
		Debug|Any CPU = Debug|Any CPU
		Release|Any CPU = Release|Any CPU
	EndGlobalSection
	GlobalSection(ProjectConfigurationPlatforms) = postSolution
		{07BFD85D-B0AE-4AF5-A59B-22C8F5104D74}.Debug|Any CPU.ActiveCfg = Debug|Any CPU
		{07BFD85D-B0AE-4AF5-A59B-22C8F5104D74}.Debug|Any CPU.Build.0 = Debug|Any CPU
		{07BFD85D-B0AE-4AF5-A59B-22C8F5104D74}.Release|Any CPU.ActiveCfg = Release|Any CPU
		{07BFD85D-B0AE-4AF5-A59B-22C8F5104D74}.Release|Any CPU.Build.0 = Release|Any CPU
	EndGlobalSection
	GlobalSection(SolutionProperties) = preSolution
		HideSolutionNode = FALSE
	EndGlobalSection
	GlobalSection(ExtensibilityGlobals) = postSolution
		SolutionGuid = {0C98B83F-D52F-42A4-8862-C6424B964945}
	EndGlobalSection
EndGlobal
